{
  "name": "netease-listen",
  "version": "1.0.1",
  "lockfileVersion": 3,
  "requires": true,
  "packages": {
    "": {
      "name": "netease-listen",
      "version": "1.0.1",
      "license": "MIT",
      "dependencies": {
        "nim-web-sdk-ng": "^10.11.0"
      },
      "engines": {
        "node": ">=16"
      }
    },
    "node_modules/nim-web-sdk-ng": {
      "version": "10.11.0",
      "resolved": "https://registry.npmmirror.com/nim-web-sdk-ng/-/nim-web-sdk-ng-10.11.0.tgz",
      "integrity": "sha512-JBvBpq/WhmrwE/vYksDbO3w7FX+MAofPI2/Une6ZVdAjInK+FogZwdtgmGhJ1r4M8Co7PqLzgWzr+FN9wD/tfQ==",
      "license": "ISC"
    }
  }
}
